
Microsoft Visual Studio Solution File, Format Version 12.00
# Visual Studio Version 16
VisualStudioVersion = 16.0.30225.117
MinimumVisualStudioVersion = 10.0.40219.1
Project("{2150E333-8FDC-42A3-9474-1A3956D46DE8}") = "1.0 - Presentation", "1.0 - Presentation", "{18E24481-3CBA-40CE-808C-93B268469F6A}"
EndProject
Project("{2150E333-8FDC-42A3-9474-1A3956D46DE8}") = "2.0 - Application", "2.0 - Application", "{5BA55B58-2B8D-4615-955D-BD7D327E53A9}"
EndProject
Project("{2150E333-8FDC-42A3-9474-1A3956D46DE8}") = "3.0 - Domain", "3.0 - Domain", "{7C0D0259-E7DE-4DE8-A05C-83077448BDAF}"
EndProject
Project("{2150E333-8FDC-42A3-9474-1A3956D46DE8}") = "4.0 - Infra", "4.0 - Infra", "{026DF482-BAB0-4721-9BC9-EF602285A010}"
EndProject
Project("{FAE04EC0-301F-11D3-BF4B-00C04F79EFBC}") = "Modelo.Domain", "Modelo.Domain\Modelo.Domain.csproj", "{46789BDE-EF4C-44DB-B88B-E90AD26E5AE3}"
EndProject
Project("{FAE04EC0-301F-11D3-BF4B-00C04F79EFBC}") = "Modelo.Domain.Core", "Modelo.Domain.Core\Modelo.Domain.Core.csproj", "{E549A0AF-5A78-459B-B432-00E557D51E1F}"
EndProject
Project("{FAE04EC0-301F-11D3-BF4B-00C04F79EFBC}") = "Modelo.Domain.Services", "Modelo.Domain.Services\Modelo.Domain.Services.csproj", "{52B388C0-3AAA-4846-A4BE-5CF3C3DF39A4}"
EndProject
Project("{FAE04EC0-301F-11D3-BF4B-00C04F79EFBC}") = "WebApi.Application", "WebApi.Application\WebApi.Application.csproj", "{7178C43D-DA4A-4607-995B-99B28964B298}"
EndProject
Project("{FAE04EC0-301F-11D3-BF4B-00C04F79EFBC}") = "WebApi.Application.DTO", "WebApi.Application.DTO\WebApi.Application.DTO.csproj", "{E5EE24FD-792A-4F47-9297-D7B3615B61F8}"
EndProject
Project("{2150E333-8FDC-42A3-9474-1A3956D46DE8}") = "4.1 - Data", "4.1 - Data", "{D87AD4D7-919A-45F4-A2F5-9DD3E43BDB60}"
EndProject
Project("{FAE04EC0-301F-11D3-BF4B-00C04F79EFBC}") = "WebApi.Infra.Data", "WepApi.Infra.Data\WebApi.Infra.Data.csproj", "{72147160-56C7-465A-874B-08EC3ED8C67F}"
EndProject
Project("{FAE04EC0-301F-11D3-BF4B-00C04F79EFBC}") = "WebApi.Infra.Repository", "WebApi.Infra.Repository\WebApi.Infra.Repository.csproj", "{D07DBDD1-5452-417E-AAB3-568465741EB1}"
EndProject
Project("{2150E333-8FDC-42A3-9474-1A3956D46DE8}") = "4.2 - Cross", "4.2 - Cross", "{3CF74028-6513-41DD-B754-60470CD3C5BA}"
EndProject
Project("{FAE04EC0-301F-11D3-BF4B-00C04F79EFBC}") = "WebApi.Infra.Cross.Adapter", "WepApi.Infra.Cross.Adapter\WebApi.Infra.Cross.Adapter.csproj", "{E6C21F06-2EC1-454C-9217-40A06D9CFEB0}"
EndProject
Project("{FAE04EC0-301F-11D3-BF4B-00C04F79EFBC}") = "WebApi.Infra.Cross.IOC", "WebApi.Infra.Cross.IOC\WebApi.Infra.Cross.IOC.csproj", "{763ED1EE-CE7B-45D9-9500-695F534C2FE9}"
EndProject
Project("{FAE04EC0-301F-11D3-BF4B-00C04F79EFBC}") = "WebApi.Presentation", "WebApi.Presentation\WebApi.Presentation.csproj", "{A4AAC466-C7CC-47EF-8E16-43ACAB3FC5E6}"
EndProject
Global
	GlobalSection(SolutionConfigurationPlatforms) = preSolution
		Debug|Any CPU = Debug|Any CPU
		Release|Any CPU = Release|Any CPU
	EndGlobalSection
	GlobalSection(ProjectConfigurationPlatforms) = postSolution
		{46789BDE-EF4C-44DB-B88B-E90AD26E5AE3}.Debug|Any CPU.ActiveCfg = Debug|Any CPU
		{46789BDE-EF4C-44DB-B88B-E90AD26E5AE3}.Debug|Any CPU.Build.0 = Debug|Any CPU
		{46789BDE-EF4C-44DB-B88B-E90AD26E5AE3}.Release|Any CPU.ActiveCfg = Release|Any CPU
		{46789BDE-EF4C-44DB-B88B-E90AD26E5AE3}.Release|Any CPU.Build.0 = Release|Any CPU
		{E549A0AF-5A78-459B-B432-00E557D51E1F}.Debug|Any CPU.ActiveCfg = Debug|Any CPU
		{E549A0AF-5A78-459B-B432-00E557D51E1F}.Debug|Any CPU.Build.0 = Debug|Any CPU
		{E549A0AF-5A78-459B-B432-00E557D51E1F}.Release|Any CPU.ActiveCfg = Release|Any CPU
		{E549A0AF-5A78-459B-B432-00E557D51E1F}.Release|Any CPU.Build.0 = Release|Any CPU
		{52B388C0-3AAA-4846-A4BE-5CF3C3DF39A4}.Debug|Any CPU.ActiveCfg = Debug|Any CPU
		{52B388C0-3AAA-4846-A4BE-5CF3C3DF39A4}.Debug|Any CPU.Build.0 = Debug|Any CPU
		{52B388C0-3AAA-4846-A4BE-5CF3C3DF39A4}.Release|Any CPU.ActiveCfg = Release|Any CPU
		{52B388C0-3AAA-4846-A4BE-5CF3C3DF39A4}.Release|Any CPU.Build.0 = Release|Any CPU
		{7178C43D-DA4A-4607-995B-99B28964B298}.Debug|Any CPU.ActiveCfg = Debug|Any CPU
		{7178C43D-DA4A-4607-995B-99B28964B298}.Debug|Any CPU.Build.0 = Debug|Any CPU
		{7178C43D-DA4A-4607-995B-99B28964B298}.Release|Any CPU.ActiveCfg = Release|Any CPU
		{7178C43D-DA4A-4607-995B-99B28964B298}.Release|Any CPU.Build.0 = Release|Any CPU
		{E5EE24FD-792A-4F47-9297-D7B3615B61F8}.Debug|Any CPU.ActiveCfg = Debug|Any CPU
		{E5EE24FD-792A-4F47-9297-D7B3615B61F8}.Debug|Any CPU.Build.0 = Debug|Any CPU
		{E5EE24FD-792A-4F47-9297-D7B3615B61F8}.Release|Any CPU.ActiveCfg = Release|Any CPU
		{E5EE24FD-792A-4F47-9297-D7B3615B61F8}.Release|Any CPU.Build.0 = Release|Any CPU
		{72147160-56C7-465A-874B-08EC3ED8C67F}.Debug|Any CPU.ActiveCfg = Debug|Any CPU
		{72147160-56C7-465A-874B-08EC3ED8C67F}.Debug|Any CPU.Build.0 = Debug|Any CPU
		{72147160-56C7-465A-874B-08EC3ED8C67F}.Release|Any CPU.ActiveCfg = Release|Any CPU
		{72147160-56C7-465A-874B-08EC3ED8C67F}.Release|Any CPU.Build.0 = Release|Any CPU
		{D07DBDD1-5452-417E-AAB3-568465741EB1}.Debug|Any CPU.ActiveCfg = Debug|Any CPU
		{D07DBDD1-5452-417E-AAB3-568465741EB1}.Debug|Any CPU.Build.0 = Debug|Any CPU
		{D07DBDD1-5452-417E-AAB3-568465741EB1}.Release|Any CPU.ActiveCfg = Release|Any CPU
		{D07DBDD1-5452-417E-AAB3-568465741EB1}.Release|Any CPU.Build.0 = Release|Any CPU
		{E6C21F06-2EC1-454C-9217-40A06D9CFEB0}.Debug|Any CPU.ActiveCfg = Debug|Any CPU
		{E6C21F06-2EC1-454C-9217-40A06D9CFEB0}.Debug|Any CPU.Build.0 = Debug|Any CPU
		{E6C21F06-2EC1-454C-9217-40A06D9CFEB0}.Release|Any CPU.ActiveCfg = Release|Any CPU
		{E6C21F06-2EC1-454C-9217-40A06D9CFEB0}.Release|Any CPU.Build.0 = Release|Any CPU
		{763ED1EE-CE7B-45D9-9500-695F534C2FE9}.Debug|Any CPU.ActiveCfg = Debug|Any CPU
		{763ED1EE-CE7B-45D9-9500-695F534C2FE9}.Debug|Any CPU.Build.0 = Debug|Any CPU
		{763ED1EE-CE7B-45D9-9500-695F534C2FE9}.Release|Any CPU.ActiveCfg = Release|Any CPU
		{763ED1EE-CE7B-45D9-9500-695F534C2FE9}.Release|Any CPU.Build.0 = Release|Any CPU
		{A4AAC466-C7CC-47EF-8E16-43ACAB3FC5E6}.Debug|Any CPU.ActiveCfg = Debug|Any CPU
		{A4AAC466-C7CC-47EF-8E16-43ACAB3FC5E6}.Debug|Any CPU.Build.0 = Debug|Any CPU
		{A4AAC466-C7CC-47EF-8E16-43ACAB3FC5E6}.Release|Any CPU.ActiveCfg = Release|Any CPU
		{A4AAC466-C7CC-47EF-8E16-43ACAB3FC5E6}.Release|Any CPU.Build.0 = Release|Any CPU
	EndGlobalSection
	GlobalSection(SolutionProperties) = preSolution
		HideSolutionNode = FALSE
	EndGlobalSection
	GlobalSection(NestedProjects) = preSolution
		{46789BDE-EF4C-44DB-B88B-E90AD26E5AE3} = {7C0D0259-E7DE-4DE8-A05C-83077448BDAF}
		{E549A0AF-5A78-459B-B432-00E557D51E1F} = {7C0D0259-E7DE-4DE8-A05C-83077448BDAF}
		{52B388C0-3AAA-4846-A4BE-5CF3C3DF39A4} = {7C0D0259-E7DE-4DE8-A05C-83077448BDAF}
		{7178C43D-DA4A-4607-995B-99B28964B298} = {5BA55B58-2B8D-4615-955D-BD7D327E53A9}
		{E5EE24FD-792A-4F47-9297-D7B3615B61F8} = {5BA55B58-2B8D-4615-955D-BD7D327E53A9}
		{D87AD4D7-919A-45F4-A2F5-9DD3E43BDB60} = {026DF482-BAB0-4721-9BC9-EF602285A010}
		{72147160-56C7-465A-874B-08EC3ED8C67F} = {D87AD4D7-919A-45F4-A2F5-9DD3E43BDB60}
		{D07DBDD1-5452-417E-AAB3-568465741EB1} = {D87AD4D7-919A-45F4-A2F5-9DD3E43BDB60}
		{3CF74028-6513-41DD-B754-60470CD3C5BA} = {026DF482-BAB0-4721-9BC9-EF602285A010}
		{E6C21F06-2EC1-454C-9217-40A06D9CFEB0} = {3CF74028-6513-41DD-B754-60470CD3C5BA}
		{763ED1EE-CE7B-45D9-9500-695F534C2FE9} = {3CF74028-6513-41DD-B754-60470CD3C5BA}
		{A4AAC466-C7CC-47EF-8E16-43ACAB3FC5E6} = {18E24481-3CBA-40CE-808C-93B268469F6A}
	EndGlobalSection
	GlobalSection(ExtensibilityGlobals) = postSolution
		SolutionGuid = {90D86DF2-8FFD-4582-8B46-998818B9153C}
	EndGlobalSection
EndGlobal
